
Microsoft Visual Studio Solution File, Format Version 12.00
# Visual Studio Version 17
VisualStudioVersion = 17.0.32014.148
MinimumVisualStudioVersion = 10.0.40219.1
Project("{FAE04EC0-301F-11D3-BF4B-00C04F79EFBC}") = "Classification Tool Recode", "Classification Tool Recode.csproj", "{42A2E44D-CBF8-4861-802A-A0D86135D28A}"
EndProject
Global
	GlobalSection(SolutionConfigurationPlatforms) = preSolution
		Debug|Any CPU = Debug|Any CPU
		Release|Any CPU = Release|Any CPU
	EndGlobalSection
	GlobalSection(ProjectConfigurationPlatforms) = postSolution
		{42A2E44D-CBF8-4861-802A-A0D86135D28A}.Debug|Any CPU.ActiveCfg = Debug|Any CPU
		{42A2E44D-CBF8-4861-802A-A0D86135D28A}.Debug|Any CPU.Build.0 = Debug|Any CPU
		{42A2E44D-CBF8-4861-802A-A0D86135D28A}.Release|Any CPU.ActiveCfg = Release|Any CPU
		{42A2E44D-CBF8-4861-802A-A0D86135D28A}.Release|Any CPU.Build.0 = Release|Any CPU
	EndGlobalSection
	GlobalSection(SolutionProperties) = preSolution
		HideSolutionNode = FALSE
	EndGlobalSection
	GlobalSection(ExtensibilityGlobals) = postSolution
		SolutionGuid = {7B079DBB-C6D7-46D9-9BE9-BE27844B097B}
	EndGlobalSection
EndGlobal
